
Microsoft Visual Studio Solution File, Format Version 12.00
# Visual Studio 14
VisualStudioVersion = 14.0.23107.0
MinimumVisualStudioVersion = 10.0.40219.1
Project("{FAE04EC0-301F-11D3-BF4B-00C04F79EFBC}") = "ManageSingleConnexion", "ManageSingleConnexion\ManageSingleConnexion.csproj", "{9E3D8A90-028C-428B-A84E-40039AA023FC}"
EndProject
Project("{FAE04EC0-301F-11D3-BF4B-00C04F79EFBC}") = "TestConsole", "TestConsole\TestConsole.csproj", "{F6A3B02E-401B-4E79-A0C1-14E6292639A1}"
EndProject
Project("{FAE04EC0-301F-11D3-BF4B-00C04F79EFBC}") = "GestionPersonneUtilitiesLib", "GestionPersonneUtilitiesLib\GestionPersonneUtilitiesLib.csproj", "{EDCA1678-5443-4D21-B41D-02C83AEED77A}"
EndProject
Project("{FAE04EC0-301F-11D3-BF4B-00C04F79EFBC}") = "GestionPersonneLib", "GestionPersonneLib\GestionPersonneLib.csproj", "{FE4E8C93-384F-47D8-92B5-9BD840AFDEF9}"
EndProject
Project("{FAE04EC0-301F-11D3-BF4B-00C04F79EFBC}") = "GestionPersonneGUI", "GestionPersonneGUI\GestionPersonneGUI.csproj", "{67BF4043-42C9-49CC-A34B-A7AF13A3F734}"
EndProject
Global
	GlobalSection(SolutionConfigurationPlatforms) = preSolution
		Debug|Any CPU = Debug|Any CPU
		Release|Any CPU = Release|Any CPU
	EndGlobalSection
	GlobalSection(ProjectConfigurationPlatforms) = postSolution
		{9E3D8A90-028C-428B-A84E-40039AA023FC}.Debug|Any CPU.ActiveCfg = Debug|Any CPU
		{9E3D8A90-028C-428B-A84E-40039AA023FC}.Debug|Any CPU.Build.0 = Debug|Any CPU
		{9E3D8A90-028C-428B-A84E-40039AA023FC}.Release|Any CPU.ActiveCfg = Release|Any CPU
		{9E3D8A90-028C-428B-A84E-40039AA023FC}.Release|Any CPU.Build.0 = Release|Any CPU
		{F6A3B02E-401B-4E79-A0C1-14E6292639A1}.Debug|Any CPU.ActiveCfg = Debug|Any CPU
		{F6A3B02E-401B-4E79-A0C1-14E6292639A1}.Debug|Any CPU.Build.0 = Debug|Any CPU
		{F6A3B02E-401B-4E79-A0C1-14E6292639A1}.Release|Any CPU.ActiveCfg = Release|Any CPU
		{F6A3B02E-401B-4E79-A0C1-14E6292639A1}.Release|Any CPU.Build.0 = Release|Any CPU
		{EDCA1678-5443-4D21-B41D-02C83AEED77A}.Debug|Any CPU.ActiveCfg = Debug|Any CPU
		{EDCA1678-5443-4D21-B41D-02C83AEED77A}.Debug|Any CPU.Build.0 = Debug|Any CPU
		{EDCA1678-5443-4D21-B41D-02C83AEED77A}.Release|Any CPU.ActiveCfg = Release|Any CPU
		{EDCA1678-5443-4D21-B41D-02C83AEED77A}.Release|Any CPU.Build.0 = Release|Any CPU
		{FE4E8C93-384F-47D8-92B5-9BD840AFDEF9}.Debug|Any CPU.ActiveCfg = Debug|Any CPU
		{FE4E8C93-384F-47D8-92B5-9BD840AFDEF9}.Debug|Any CPU.Build.0 = Debug|Any CPU
		{FE4E8C93-384F-47D8-92B5-9BD840AFDEF9}.Release|Any CPU.ActiveCfg = Release|Any CPU
		{FE4E8C93-384F-47D8-92B5-9BD840AFDEF9}.Release|Any CPU.Build.0 = Release|Any CPU
		{67BF4043-42C9-49CC-A34B-A7AF13A3F734}.Debug|Any CPU.ActiveCfg = Debug|Any CPU
		{67BF4043-42C9-49CC-A34B-A7AF13A3F734}.Debug|Any CPU.Build.0 = Debug|Any CPU
		{67BF4043-42C9-49CC-A34B-A7AF13A3F734}.Release|Any CPU.ActiveCfg = Release|Any CPU
		{67BF4043-42C9-49CC-A34B-A7AF13A3F734}.Release|Any CPU.Build.0 = Release|Any CPU
	EndGlobalSection
	GlobalSection(SolutionProperties) = preSolution
		HideSolutionNode = FALSE
	EndGlobalSection
EndGlobal
